// !$*UTF8*$!
{
	archiveVersion = 1;
	classes = {
	};
	objectVersion = 46;
	objects = {

/* Begin PBXBuildFile section */
		1F6DDDD81D4FD625001742DB /* main.m in Sources */ = {isa = PBXBuildFile; fileRef = 1F6DDDD71D4FD625001742DB /* main.m */; };
		1F6DDDDB1D4FD625001742DB /* AppDelegate.m in Sources */ = {isa = PBXBuildFile; fileRef = 1F6DDDDA1D4FD625001742DB /* AppDelegate.m */; };
		1F6DDDDE1D4FD625001742DB /* ViewController.m in Sources */ = {isa = PBXBuildFile; fileRef = 1F6DDDDD1D4FD625001742DB /* ViewController.m */; };
		1F6DDDE11D4FD625001742DB /* Main.storyboard in Resources */ = {isa = PBXBuildFile; fileRef = 1F6DDDDF1D4FD625001742DB /* Main.storyboard */; };
		1F6DDDE41D4FD625001742DB /* CoreDataDemo.xcdatamodeld in Sources */ = {isa = PBXBuildFile; fileRef = 1F6DDDE21D4FD625001742DB /* CoreDataDemo.xcdatamodeld */; };
		1F6DDDE61D4FD625001742DB /* Assets.xcassets in Resources */ = {isa = PBXBuildFile; fileRef = 1F6DDDE51D4FD625001742DB /* Assets.xcassets */; };
		1F6DDDE91D4FD625001742DB /* LaunchScreen.storyboard in Resources */ = {isa = PBXBuildFile; fileRef = 1F6DDDE71D4FD625001742DB /* LaunchScreen.storyboard */; };
		1F6DDDF41D4FD625001742DB /* CoreDataDemoTests.m in Sources */ = {isa = PBXBuildFile; fileRef = 1F6DDDF31D4FD625001742DB /* CoreDataDemoTests.m */; };
		1F6DDDFF1D4FD625001742DB /* CoreDataDemoUITests.m in Sources */ = {isa = PBXBuildFile; fileRef = 1F6DDDFE1D4FD625001742DB /* CoreDataDemoUITests.m */; };
/* End PBXBuildFile section */

/* Begin PBXContainerItemProxy section */
		1F6DDDF01D4FD625001742DB /* PBXContainerItemProxy */ = {
			isa = PBXContainerItemProxy;
			containerPortal = 1F6DDDCB1D4FD625001742DB /* Project object */;
			proxyType = 1;
			remoteGlobalIDString = 1F6DDDD21D4FD625001742DB;
			remoteInfo = CoreDataDemo;
		};
		1F6DDDFB1D4FD625001742DB /* PBXContainerItemProxy */ = {
			isa = PBXContainerItemProxy;
			containerPortal = 1F6DDDCB1D4FD625001742DB /* Project object */;
			proxyType = 1;
			remoteGlobalIDString = 1F6DDDD21D4FD625001742DB;
			remoteInfo = CoreDataDemo;
		};
/* End PBXContainerItemProxy section */

/* Begin PBXFileReference section */
		1F6DDDD31D4FD625001742DB /* CoreDataDemo.app */ = {isa = PBXFileReference; explicitFileType = wrapper.application; includeInIndex = 0; path = CoreDataDemo.app; sourceTree = BUILT_PRODUCTS_DIR; };
		1F6DDDD71D4FD625001742DB /* main.m */ = {isa = PBXFileReference; lastKnownFileType = sourcecode.c.objc; path = main.m; sourceTree = "<group>"; };
		1F6DDDD91D4FD625001742DB /* AppDelegate.h */ = {isa = PBXFileReference; lastKnownFileType = sourcecode.c.h; path = AppDelegate.h; sourceTree = "<group>"; };
		1F6DDDDA1D4FD625001742DB /* AppDelegate.m */ = {isa = PBXFileReference; lastKnownFileType = sourcecode.c.objc; path = AppDelegate.m; sourceTree = "<group>"; };
		1F6DDDDC1D4FD625001742DB /* ViewController.h */ = {isa = PBXFileReference; lastKnownFileType = sourcecode.c.h; path = ViewController.h; sourceTree = "<group>"; };
		1F6DDDDD1D4FD625001742DB /* ViewController.m */ = {isa = PBXFileReference; lastKnownFileType = sourcecode.c.objc; path = ViewController.m; sourceTree = "<group>"; };
		1F6DDDE01D4FD625001742DB /* Base */ = {isa = PBXFileReference; lastKnownFileType = file.storyboard; name = Base; path = Base.lproj/Main.storyboard; sourceTree = "<group>"; };
		1F6DDDE31D4FD625001742DB /* CoreDataDemo.xcdatamodel */ = {isa = PBXFileReference; lastKnownFileType = wrapper.xcdatamodel; path = CoreDataDemo.xcdatamodel; sourceTree = "<group>"; };
		1F6DDDE51D4FD625001742DB /* Assets.xcassets */ = {isa = PBXFileReference; lastKnownFileType = folder.assetcatalog; path = Assets.xcassets; sourceTree = "<group>"; };
		1F6DDDE81D4FD625001742DB /* Base */ = {isa = PBXFileReference; lastKnownFileType = file.storyboard; name = Base; path = Base.lproj/LaunchScreen.storyboard; sourceTree = "<group>"; };
		1F6DDDEA1D4FD625001742DB /* Info.plist */ = {isa = PBXFileReference; lastKnownFileType = text.plist.xml; path = Info.plist; sourceTree = "<group>"; };
		1F6DDDEF1D4FD625001742DB /* CoreDataDemoTests.xctest */ = {isa = PBXFileReference; explicitFileType = wrapper.cfbundle; includeInIndex = 0; path = CoreDataDemoTests.xctest; sourceTree = BUILT_PRODUCTS_DIR; };
		1F6DDDF31D4FD625001742DB /* CoreDataDemoTests.m */ = {isa = PBXFileReference; lastKnownFileType = sourcecode.c.objc; path = CoreDataDemoTests.m; sourceTree = "<group>"; };
		1F6DDDF51D4FD625001742DB /* Info.plist */ = {isa = PBXFileReference; lastKnownFileType = text.plist.xml; path = Info.plist; sourceTree = "<group>"; };
		1F6DDDFA1D4FD625001742DB /* CoreDataDemoUITests.xctest */ = {isa = PBXFileReference; explicitFileType = wrapper.cfbundle; includeInIndex = 0; path = CoreDataDemoUITests.xctest; sourceTree = BUILT_PRODUCTS_DIR; };
		1F6DDDFE1D4FD625001742DB /* CoreDataDemoUITests.m */ = {isa = PBXFileReference; lastKnownFileType = sourcecode.c.objc; path = CoreDataDemoUITests.m; sourceTree = "<group>"; };
		1F6DDE001D4FD625001742DB /* Info.plist */ = {isa = PBXFileReference; lastKnownFileType = text.plist.xml; path = Info.plist; sourceTree = "<group>"; };
/* End PBXFileReference section */

/* Begin PBXFrameworksBuildPhase section */
		1F6DDDD01D4FD625001742DB /* Frameworks */ = {
			isa = PBXFrameworksBuildPhase;
			buildActionMask = 2147483647;
			files = (
			);
			runOnlyForDeploymentPostprocessing = 0;
		};
		1F6DDDEC1D4FD625001742DB /* Frameworks */ = {
			isa = PBXFrameworksBuildPhase;
			buildActionMask = 2147483647;
			files = (
			);
			runOnlyForDeploymentPostprocessing = 0;
		};
		1F6DDDF71D4FD625001742DB /* Frameworks */ = {
			isa = PBXFrameworksBuildPhase;
			buildActionMask = 2147483647;
			files = (
			);
			runOnlyForDeploymentPostprocessing = 0;
		};
/* End PBXFrameworksBuildPhase section */

/* Begin PBXGroup section */
		1F6DDDCA1D4FD625001742DB = {
			isa = PBXGroup;
			children = (
				1F6DDDD51D4FD625001742DB /* CoreDataDemo */,
				1F6DDDF21D4FD625001742DB /* CoreDataDemoTests */,
				1F6DDDFD1D4FD625001742DB /* CoreDataDemoUITests */,
				1F6DDDD41D4FD625001742DB /* Products */,
			);
			sourceTree = "<group>";
		};
		1F6DDDD41D4FD625001742DB /* Products */ = {
			isa = PBXGroup;
			children = (
				1F6DDDD31D4FD625001742DB /* CoreDataDemo.app */,
				1F6DDDEF1D4FD625001742DB /* CoreDataDemoTests.xctest */,
				1F6DDDFA1D4FD625001742DB /* CoreDataDemoUITests.xctest */,
			);
			name = Products;
			sourceTree = "<group>";
		};
		1F6DDDD51D4FD625001742DB /* CoreDataDemo */ = {
			isa = PBXGroup;
			children = (
				1F6DDDD91D4FD625001742DB /* AppDelegate.h */,
				1F6DDDDA1D4FD625001742DB /* AppDelegate.m */,
				1F6DDDDC1D4FD625001742DB /* ViewController.h */,
				1F6DDDDD1D4FD625001742DB /* ViewController.m */,
				1F6DDDDF1D4FD625001742DB /* Main.storyboard */,
				1F6DDDE51D4FD625001742DB /* Assets.xcassets */,
				1F6DDDE71D4FD625001742DB /* LaunchScreen.storyboard */,
				1F6DDDEA1D4FD625001742DB /* Info.plist */,
				1F6DDDE21D4FD625001742DB /* CoreDataDemo.xcdatamodeld */,
				1F6DDDD61D4FD625001742DB /* Supporting Files */,
			);
			path = CoreDataDemo;
			sourceTree = "<group>";
		};
		1F6DDDD61D4FD625001742DB /* Supporting Files */ = {
			isa = PBXGroup;
			children = (
				1F6DDDD71D4FD625001742DB /* main.m */,
			);
			name = "Supporting Files";
			sourceTree = "<group>";
		};
		1F6DDDF21D4FD625001742DB /* CoreDataDemoTests */ = {
			isa = PBXGroup;
			children = (
				1F6DDDF31D4FD625001742DB /* CoreDataDemoTests.m */,
				1F6DDDF51D4FD625001742DB /* Info.plist */,
			);
			path = CoreDataDemoTests;
			sourceTree = "<group>";
		};
		1F6DDDFD1D4FD625001742DB /* CoreDataDemoUITests */ = {
			isa = PBXGroup;
			children = (
				1F6DDDFE1D4FD625001742DB /* CoreDataDemoUITests.m */,
				1F6DDE001D4FD625001742DB /* Info.plist */,
			);
			path = CoreDataDemoUITests;
			sourceTree = "<group>";
		};
/* End PBXGroup section */

/* Begin PBXNativeTarget section */
		1F6DDDD21D4FD625001742DB /* CoreDataDemo */ = {
			isa = PBXNativeTarget;
			buildConfigurationList = 1F6DDE031D4FD625001742DB /* Build configuration list for PBXNativeTarget "CoreDataDemo" */;
			buildPhases = (
				1F6DDDCF1D4FD625001742DB /* Sources */,
				1F6DDDD01D4FD625001742DB /* Frameworks */,
				1F6DDDD11D4FD625001742DB /* Resources */,
			);
			buildRules = (
			);
			dependencies = (
			);
			name = CoreDataDemo;
			productName = CoreDataDemo;
			productReference = 1F6DDDD31D4FD625001742DB /* CoreDataDemo.app */;
			productType = "com.apple.product-type.application";
		};
		1F6DDDEE1D4FD625001742DB /* CoreDataDemoTests */ = {
			isa = PBXNativeTarget;
			buildConfigurationList = 1F6DDE061D4FD625001742DB /* Build configuration list for PBXNativeTarget "CoreDataDemoTests" */;
			buildPhases = (
				1F6DDDEB1D4FD625001742DB /* Sources */,
				1F6DDDEC1D4FD625001742DB /* Frameworks */,
				1F6DDDED1D4FD625001742DB /* Resources */,
			);
			buildRules = (
			);
			dependencies = (
				1F6DDDF11D4FD625001742DB /* PBXTargetDependency */,
			);
			name = CoreDataDemoTests;
			productName = CoreDataDemoTests;
			productReference = 1F6DDDEF1D4FD625001742DB /* CoreDataDemoTests.xctest */;
			productType = "com.apple.product-type.bundle.unit-test";
		};
		1F6DDDF91D4FD625001742DB /* CoreDataDemoUITests */ = {
			isa = PBXNativeTarget;
			buildConfigurationList = 1F6DDE091D4FD625001742DB /* Build configuration list for PBXNativeTarget "CoreDataDemoUITests" */;
			buildPhases = (
				1F6DDDF61D4FD625001742DB /* Sources */,
				1F6DDDF71D4FD625001742DB /* Frameworks */,
				1F6DDDF81D4FD625001742DB /* Resources */,
			);
			buildRules = (
			);
			dependencies = (
				1F6DDDFC1D4FD625001742DB /* PBXTargetDependency */,
			);
			name = CoreDataDemoUITests;
			productName = CoreDataDemoUITests;
			productReference = 1F6DDDFA1D4FD625001742DB /* CoreDataDemoUITests.xctest */;
			productType = "com.apple.product-type.bundle.ui-testing";
		};
/* End PBXNativeTarget section */

/* Begin PBXProject section */
		1F6DDDCB1D4FD625001742DB /* Project object */ = {
			isa = PBXProject;
			attributes = {
				LastUpgradeCheck = 0720;
				ORGANIZATIONNAME = dharmesh;
				TargetAttributes = {
					1F6DDDD21D4FD625001742DB = {
						CreatedOnToolsVersion = 7.2;
					};
					1F6DDDEE1D4FD625001742DB = {
						CreatedOnToolsVersion = 7.2;
						TestTargetID = 1F6DDDD21D4FD625001742DB;
					};
					1F6DDDF91D4FD625001742DB = {
						CreatedOnToolsVersion = 7.2;
						TestTargetID = 1F6DDDD21D4FD625001742DB;
					};
				};
			};
			buildConfigurationList = 1F6DDDCE1D4FD625001742DB /* Build configuration list for PBXProject "CoreDataDemo" */;
			compatibilityVersion = "Xcode 3.2";
			developmentRegion = English;
			hasScannedForEncodings = 0;
			knownRegions = (
				en,
				Base,
			);
			mainGroup = 1F6DDDCA1D4FD625001742DB;
			productRefGroup = 1F6DDDD41D4FD625001742DB /* Products */;
			projectDirPath = "";
			projectRoot = "";
			targets = (
				1F6DDDD21D4FD625001742DB /* CoreDataDemo */,
				1F6DDDEE1D4FD625001742DB /* CoreDataDemoTests */,
				1F6DDDF91D4FD625001742DB /* CoreDataDemoUITests */,
			);
		};
/* End PBXProject section */

/* Begin PBXResourcesBuildPhase section */
		1F6DDDD11D4FD625001742DB /* Resources */ = {
			isa = PBXResourcesBuildPhase;
			buildActionMask = 2147483647;
			files = (
				1F6DDDE91D4FD625001742DB /* LaunchScreen.storyboard in Resources */,
				1F6DDDE61D4FD625001742DB /* Assets.xcassets in Resources */,
				1F6DDDE11D4FD625001742DB /* Main.storyboard in Resources */,
			);
			runOnlyForDeploymentPostprocessing = 0;
		};
		1F6DDDED1D4FD625001742DB /* Resources */ = {
			isa = PBXResourcesBuildPhase;
			buildActionMask = 2147483647;
			files = (
			);
			runOnlyForDeploymentPostprocessing = 0;
		};
		1F6DDDF81D4FD625001742DB /* Resources */ = {
			isa = PBXResourcesBuildPhase;
			buildActionMask = 2147483647;
			files = (
			);
			runOnlyForDeploymentPostprocessing = 0;
		};
/* End PBXResourcesBuildPhase section */

/* Begin PBXSourcesBuildPhase section */
		1F6DDDCF1D4FD625001742DB /* Sources */ = {
			isa = PBXSourcesBuildPhase;
			buildActionMask = 2147483647;
			files = (
				1F6DDDDE1D4FD625001742DB /* ViewController.m in Sources */,
				1F6DDDE41D4FD625001742DB /* CoreDataDemo.xcdatamodeld in Sources */,
				1F6DDDDB1D4FD625001742DB /* AppDelegate.m in Sources */,
				1F6DDDD81D4FD625001742DB /* main.m in Sources */,
			);
			runOnlyForDeploymentPostprocessing = 0;
		};
		1F6DDDEB1D4FD625001742DB /* Sources */ = {
			isa = PBXSourcesBuildPhase;
			buildActionMask = 2147483647;
			files = (
				1F6DDDF41D4FD625001742DB /* CoreDataDemoTests.m in Sources */,
			);
			runOnlyForDeploymentPostprocessing = 0;
		};
		1F6DDDF61D4FD625001742DB /* Sources */ = {
			isa = PBXSourcesBuildPhase;
			buildActionMask = 2147483647;
			files = (
				1F6DDDFF1D4FD625001742DB /* CoreDataDemoUITests.m in Sources */,
			);
			runOnlyForDeploymentPostprocessing = 0;
		};
/* End PBXSourcesBuildPhase section */

/* Begin PBXTargetDependency section */
		1F6DDDF11D4FD625001742DB /* PBXTargetDependency */ = {
			isa = PBXTargetDependency;
			target = 1F6DDDD21D4FD625001742DB /* CoreDataDemo */;
			targetProxy = 1F6DDDF01D4FD625001742DB /* PBXContainerItemProxy */;
		};
		1F6DDDFC1D4FD625001742DB /* PBXTargetDependency */ = {
			isa = PBXTargetDependency;
			target = 1F6DDDD21D4FD625001742DB /* CoreDataDemo */;
			targetProxy = 1F6DDDFB1D4FD625001742DB /* PBXContainerItemProxy */;
		};
/* End PBXTargetDependency section */

/* Begin PBXVariantGroup section */
		1F6DDDDF1D4FD625001742DB /* Main.storyboard */ = {
			isa = PBXVariantGroup;
			children = (
				1F6DDDE01D4FD625001742DB /* Base */,
			);
			name = Main.storyboard;
			sourceTree = "<group>";
		};
		1F6DDDE71D4FD625001742DB /* LaunchScreen.storyboard */ = {
			isa = PBXVariantGroup;
			children = (
				1F6DDDE81D4FD625001742DB /* Base */,
			);
			name = LaunchScreen.storyboard;
			sourceTree = "<group>";
		};
/* End PBXVariantGroup section */

/* Begin XCBuildConfiguration section */
		1F6DDE011D4FD625001742DB /* Debug */ = {
			isa = XCBuildConfiguration;
			buildSettings = {
				ALWAYS_SEARCH_USER_PATHS = NO;
				CLANG_CXX_LANGUAGE_STANDARD = "gnu++0x";
				CLANG_CXX_LIBRARY = "libc++";
				CLANG_ENABLE_MODULES = YES;
				CLANG_ENABLE_OBJC_ARC = YES;
				CLANG_WARN_BOOL_CONVERSION = YES;
				CLANG_WARN_CONSTANT_CONVERSION = YES;
				CLANG_WARN_DIRECT_OBJC_ISA_USAGE = YES_ERROR;
				CLANG_WARN_EMPTY_BODY = YES;
				CLANG_WARN_ENUM_CONVERSION = YES;
				CLANG_WARN_INT_CONVERSION = YES;
				CLANG_WARN_OBJC_ROOT_CLASS = YES_ERROR;
				CLANG_WARN_UNREACHABLE_CODE = YES;
				CLANG_WARN__DUPLICATE_METHOD_MATCH = YES;
				"CODE_SIGN_IDENTITY[sdk=iphoneos*]" = "iPhone Developer";
				COPY_PHASE_STRIP = NO;
				DEBUG_INFORMATION_FORMAT = dwarf;
				ENABLE_STRICT_OBJC_MSGSEND = YES;
				ENABLE_TESTABILITY = YES;
				GCC_C_LANGUAGE_STANDARD = gnu99;
				GCC_DYNAMIC_NO_PIC = NO;
				GCC_NO_COMMON_BLOCKS = YES;
				GCC_OPTIMIZATION_LEVEL = 0;
				GCC_PREPROCESSOR_DEFINITIONS = (
					"DEBUG=1",
					"$(inherited)",
				);
				GCC_WARN_64_TO_32_BIT_CONVERSION = YES;
				GCC_WARN_ABOUT_RETURN_TYPE = YES_ERROR;
				GCC_WARN_UNDECLARED_SELECTOR = YES;
				GCC_WARN_UNINITIALIZED_AUTOS = YES_AGGRESSIVE;
				GCC_WARN_UNUSED_FUNCTION = YES;
				GCC_WARN_UNUSED_VARIABLE = YES;
				IPHONEOS_DEPLOYMENT_TARGET = 9.2;
				MTL_ENABLE_DEBUG_INFO = YES;
				ONLY_ACTIVE_ARCH = YES;
				SDKROOT = iphoneos;
			};
			name = Debug;
		};
		1F6DDE021D4FD625001742DB /* Release */ = {
			isa = XCBuildConfiguration;
			buildSettings = {
				ALWAYS_SEARCH_USER_PATHS = NO;
				CLANG_CXX_LANGUAGE_STANDARD = "gnu++0x";
				CLANG_CXX_LIBRARY = "libc++";
				CLANG_ENABLE_MODULES = YES;
				CLANG_ENABLE_OBJC_ARC = YES;
				CLANG_WARN_BOOL_CONVERSION = YES;
				CLANG_WARN_CONSTANT_CONVERSION = YES;
				CLANG_WARN_DIRECT_OBJC_ISA_USAGE = YES_ERROR;
				CLANG_WARN_EMPTY_BODY = YES;
				CLANG_WARN_ENUM_CONVERSION = YES;
				CLANG_WARN_INT_CONVERSION = YES;
				CLANG_WARN_OBJC_ROOT_CLASS = YES_ERROR;
				CLANG_WARN_UNREACHABLE_CODE = YES;
				CLANG_WARN__DUPLICATE_METHOD_MATCH = YES;
				"CODE_SIGN_IDENTITY[sdk=iphoneos*]" = "iPhone Developer";
				COPY_PHASE_STRIP = NO;
				DEBUG_INFORMATION_FORMAT = "dwarf-with-dsym";
				ENABLE_NS_ASSERTIONS = NO;
				ENABLE_STRICT_OBJC_MSGSEND = YES;
				GCC_C_LANGUAGE_STANDARD = gnu99;
				GCC_NO_COMMON_BLOCKS = YES;
				GCC_WARN_64_TO_32_BIT_CONVERSION = YES;
				GCC_WARN_ABOUT_RETURN_TYPE = YES_ERROR;
				GCC_WARN_UNDECLARED_SELECTOR = YES;
				GCC_WARN_UNINITIALIZED_AUTOS = YES_AGGRESSIVE;
				GCC_WARN_UNUSED_FUNCTION = YES;
				GCC_WARN_UNUSED_VARIABLE = YES;
				IPHONEOS_DEPLOYMENT_TARGET = 9.2;
				MTL_ENABLE_DEBUG_INFO = NO;
				SDKROOT = iphoneos;
				VALIDATE_PRODUCT = YES;
			};
			name = Release;
		};
		1F6DDE041D4FD625001742DB /* Debug */ = {
			isa = XCBuildConfiguration;
			buildSettings = {
				ASSETCATALOG_COMPILER_APPICON_NAME = AppIcon;
				INFOPLIST_FILE = CoreDataDemo/Info.plist;
				LD_RUNPATH_SEARCH_PATHS = "$(inherited) @executable_path/Frameworks";
				PRODUCT_BUNDLE_IDENTIFIER = com.zaptechsolutions.CoreDataDemo;
				PRODUCT_NAME = "$(TARGET_NAME)";
			};
			name = Debug;
		};
		1F6DDE051D4FD625001742DB /* Release */ = {
			isa = XCBuildConfiguration;
			buildSettings = {
				ASSETCATALOG_COMPILER_APPICON_NAME = AppIcon;
				INFOPLIST_FILE = CoreDataDemo/Info.plist;
				LD_RUNPATH_SEARCH_PATHS = "$(inherited) @executable_path/Frameworks";
				PRODUCT_BUNDLE_IDENTIFIER = com.zaptechsolutions.CoreDataDemo;
				PRODUCT_NAME = "$(TARGET_NAME)";
			};
			name = Release;
		};
		1F6DDE071D4FD625001742DB /* Debug */ = {
			isa = XCBuildConfiguration;
			buildSettings = {
				BUNDLE_LOADER = "$(TEST_HOST)";
				INFOPLIST_FILE = CoreDataDemoTests/Info.plist;
				LD_RUNPATH_SEARCH_PATHS = "$(inherited) @executable_path/Frameworks @loader_path/Frameworks";
				PRODUCT_BUNDLE_IDENTIFIER = com.zaptechsolutions.CoreDataDemoTests;
				PRODUCT_NAME = "$(TARGET_NAME)";
				TEST_HOST = "$(BUILT_PRODUCTS_DIR)/CoreDataDemo.app/CoreDataDemo";
			};
			name = Debug;
		};
		1F6DDE081D4FD625001742DB /* Release */ = {
			isa = XCBuildConfiguration;
			buildSettings = {
				BUNDLE_LOADER = "$(TEST_HOST)";
				INFOPLIST_FILE = CoreDataDemoTests/Info.plist;
				LD_RUNPATH_SEARCH_PATHS = "$(inherited) @executable_path/Frameworks @loader_path/Frameworks";
				PRODUCT_BUNDLE_IDENTIFIER = com.zaptechsolutions.CoreDataDemoTests;
				PRODUCT_NAME = "$(TARGET_NAME)";
				TEST_HOST = "$(BUILT_PRODUCTS_DIR)/CoreDataDemo.app/CoreDataDemo";
			};
			name = Release;
		};
		1F6DDE0A1D4FD625001742DB /* Debug */ = {
			isa = XCBuildConfiguration;
			buildSettings = {
				INFOPLIST_FILE = CoreDataDemoUITests/Info.plist;
				LD_RUNPATH_SEARCH_PATHS = "$(inherited) @executable_path/Frameworks @loader_path/Frameworks";
				PRODUCT_BUNDLE_IDENTIFIER = com.zaptechsolutions.CoreDataDemoUITests;
				PRODUCT_NAME = "$(TARGET_NAME)";
				TEST_TARGET_NAME = CoreDataDemo;
				USES_XCTRUNNER = YES;
			};
			name = Debug;
		};
		1F6DDE0B1D4FD625001742DB /* Release */ = {
			isa = XCBuildConfiguration;
			buildSettings = {
				INFOPLIST_FILE = CoreDataDemoUITests/Info.plist;
				LD_RUNPATH_SEARCH_PATHS = "$(inherited) @executable_path/Frameworks @loader_path/Frameworks";
				PRODUCT_BUNDLE_IDENTIFIER = com.zaptechsolutions.CoreDataDemoUITests;
				PRODUCT_NAME = "$(TARGET_NAME)";
				TEST_TARGET_NAME = CoreDataDemo;
				USES_XCTRUNNER = YES;
			};
			name = Release;
		};
/* End XCBuildConfiguration section */

/* Begin XCConfigurationList section */
		1F6DDDCE1D4FD625001742DB /* Build configuration list for PBXProject "CoreDataDemo" */ = {
			isa = XCConfigurationList;
			buildConfigurations = (
				1F6DDE011D4FD625001742DB /* Debug */,
				1F6DDE021D4FD625001742DB /* Release */,
			);
			defaultConfigurationIsVisible = 0;
			defaultConfigurationName = Release;
		};
		1F6DDE031D4FD625001742DB /* Build configuration list for PBXNativeTarget "CoreDataDemo" */ = {
			isa = XCConfigurationList;
			buildConfigurations = (
				1F6DDE041D4FD625001742DB /* Debug */,
				1F6DDE051D4FD625001742DB /* Release */,
			);
			defaultConfigurationIsVisible = 0;
		};
		1F6DDE061D4FD625001742DB /* Build configuration list for PBXNativeTarget "CoreDataDemoTests" */ = {
			isa = XCConfigurationList;
			buildConfigurations = (
				1F6DDE071D4FD625001742DB /* Debug */,
				1F6DDE081D4FD625001742DB /* Release */,
			);
			defaultConfigurationIsVisible = 0;
		};
		1F6DDE091D4FD625001742DB /* Build configuration list for PBXNativeTarget "CoreDataDemoUITests" */ = {
			isa = XCConfigurationList;
			buildConfigurations = (
				1F6DDE0A1D4FD625001742DB /* Debug */,
				1F6DDE0B1D4FD625001742DB /* Release */,
			);
			defaultConfigurationIsVisible = 0;
		};
/* End XCConfigurationList section */

/* Begin XCVersionGroup section */
		1F6DDDE21D4FD625001742DB /* CoreDataDemo.xcdatamodeld */ = {
			isa = XCVersionGroup;
			children = (
				1F6DDDE31D4FD625001742DB /* CoreDataDemo.xcdatamodel */,
			);
			currentVersion = 1F6DDDE31D4FD625001742DB /* CoreDataDemo.xcdatamodel */;
			path = CoreDataDemo.xcdatamodeld;
			sourceTree = "<group>";
			versionGroupType = wrapper.xcdatamodel;
		};
/* End XCVersionGroup section */
	};
	rootObject = 1F6DDDCB1D4FD625001742DB /* Project object */;
}
